PODS:
  - SVProgressHUD (2.3.1):
    - SVProgressHUD/Core (= 2.3.1)
  - SVProgressHUD/Core (2.3.1)

DEPENDENCIES:
  - SVProgressHUD (~> 2.3)

SPEC REPOS:
  trunk:
    - SVProgressHUD

SPEC CHECKSUMS:
  SVProgressHUD: 4837c74bdfe2e51e8821c397825996a8d7de6e22

PODFILE CHECKSUM: 1acfbd0f502561e354a2623b7df49dbe4fe6bf00

COCOAPODS: 1.15.2
